
Microsoft Visual Studio Solution File, Format Version 12.00
# Visual Studio Version 16
VisualStudioVersion = 16.0.29709.97
MinimumVisualStudioVersion = 10.0.40219.1
Project("{FAE04EC0-301F-11D3-BF4B-00C04F79EFBC}") = "consol14", "consol14\consol14.csproj", "{F787A466-ACEA-44F2-9963-E85A0DCBE757}"
EndProject
Global
	GlobalSection(SolutionConfigurationPlatforms) = preSolution
		Debug|Any CPU = Debug|Any CPU
		Release|Any CPU = Release|Any CPU
	EndGlobalSection
	GlobalSection(ProjectConfigurationPlatforms) = postSolution
		{F787A466-ACEA-44F2-9963-E85A0DCBE757}.Debug|Any CPU.ActiveCfg = Debug|Any CPU
		{F787A466-ACEA-44F2-9963-E85A0DCBE757}.Debug|Any CPU.Build.0 = Debug|Any CPU
		{F787A466-ACEA-44F2-9963-E85A0DCBE757}.Release|Any CPU.ActiveCfg = Release|Any CPU
		{F787A466-ACEA-44F2-9963-E85A0DCBE757}.Release|Any CPU.Build.0 = Release|Any CPU
	EndGlobalSection
	GlobalSection(SolutionProperties) = preSolution
		HideSolutionNode = FALSE
	EndGlobalSection
	GlobalSection(ExtensibilityGlobals) = postSolution
		SolutionGuid = {4AF92BF9-6961-48F3-B909-04100E96605E}
	EndGlobalSection
EndGlobal
